
Microsoft Visual Studio Solution File, Format Version 12.00
# Visual Studio Version 17
VisualStudioVersion = 17.5.002.0
MinimumVisualStudioVersion = 10.0.40219.1
Project("{9A19103F-16F7-4668-BE54-9A1E7A4F7556}") = "Git", "Git.csproj", "{BB8E578A-9284-4075-93F6-218AA6422ACC}"
EndProject
Global
	GlobalSection(SolutionConfigurationPlatforms) = preSolution
		Debug|Any CPU = Debug|Any CPU
		Release|Any CPU = Release|Any CPU
	EndGlobalSection
	GlobalSection(ProjectConfigurationPlatforms) = postSolution
		{BB8E578A-9284-4075-93F6-218AA6422ACC}.Debug|Any CPU.ActiveCfg = Debug|Any CPU
		{BB8E578A-9284-4075-93F6-218AA6422ACC}.Debug|Any CPU.Build.0 = Debug|Any CPU
		{BB8E578A-9284-4075-93F6-218AA6422ACC}.Release|Any CPU.ActiveCfg = Release|Any CPU
		{BB8E578A-9284-4075-93F6-218AA6422ACC}.Release|Any CPU.Build.0 = Release|Any CPU
	EndGlobalSection
	GlobalSection(SolutionProperties) = preSolution
		HideSolutionNode = FALSE
	EndGlobalSection
	GlobalSection(ExtensibilityGlobals) = postSolution
		SolutionGuid = {C27DE4A7-D005-47F4-803D-64A9D951EEA0}
	EndGlobalSection
EndGlobal
